
Microsoft Visual Studio Solution File, Format Version 12.00
# Visual Studio Version 16
VisualStudioVersion = 16.0.30320.27
MinimumVisualStudioVersion = 10.0.40219.1
Project("{FAE04EC0-301F-11D3-BF4B-00C04F79EFBC}") = "InvestmentIdeasPlatform", "InvestmentIdeasPlatform.csproj", "{C64C17A1-6230-4F88-B43E-B9D642A8CE87}"
EndProject
Project("{FAE04EC0-301F-11D3-BF4B-00C04F79EFBC}") = "NUnitTestProject1", "..\NUnitTestProject1\NUnitTestProject1.csproj", "{C7774FAE-DCB1-4F60-939A-24C6571CAACC}"
EndProject
Global
	GlobalSection(SolutionConfigurationPlatforms) = preSolution
		Debug|Any CPU = Debug|Any CPU
		Release|Any CPU = Release|Any CPU
	EndGlobalSection
	GlobalSection(ProjectConfigurationPlatforms) = postSolution
		{C64C17A1-6230-4F88-B43E-B9D642A8CE87}.Debug|Any CPU.ActiveCfg = Debug|Any CPU
		{C64C17A1-6230-4F88-B43E-B9D642A8CE87}.Debug|Any CPU.Build.0 = Debug|Any CPU
		{C64C17A1-6230-4F88-B43E-B9D642A8CE87}.Release|Any CPU.ActiveCfg = Release|Any CPU
		{C64C17A1-6230-4F88-B43E-B9D642A8CE87}.Release|Any CPU.Build.0 = Release|Any CPU
		{C7774FAE-DCB1-4F60-939A-24C6571CAACC}.Debug|Any CPU.ActiveCfg = Debug|Any CPU
		{C7774FAE-DCB1-4F60-939A-24C6571CAACC}.Debug|Any CPU.Build.0 = Debug|Any CPU
		{C7774FAE-DCB1-4F60-939A-24C6571CAACC}.Release|Any CPU.ActiveCfg = Release|Any CPU
		{C7774FAE-DCB1-4F60-939A-24C6571CAACC}.Release|Any CPU.Build.0 = Release|Any CPU
	EndGlobalSection
	GlobalSection(SolutionProperties) = preSolution
		HideSolutionNode = FALSE
	EndGlobalSection
	GlobalSection(ExtensibilityGlobals) = postSolution
		SolutionGuid = {83CB70BD-C08B-4618-A60B-C83AB4DCC069}
	EndGlobalSection
EndGlobal
